// !$*UTF8*$!
{
	archiveVersion = 1;
	classes = {
	};
	objectVersion = 51;
	objects = {

/* Begin PBXBuildFile section */
		02BC91F9240DAEA300A4C124 /* AppDelegate.swift in Sources */ = {isa = PBXBuildFile; fileRef = 02BC91F8240DAEA300A4C124 /* AppDelegate.swift */; };
		02BC91FB240DAEA300A4C124 /* SceneDelegate.swift in Sources */ = {isa = PBXBuildFile; fileRef = 02BC91FA240DAEA300A4C124 /* SceneDelegate.swift */; };
		02BC91FD240DAEA300A4C124 /* BudgetViewController.swift in Sources */ = {isa = PBXBuildFile; fileRef = 02BC91FC240DAEA300A4C124 /* BudgetViewController.swift */; };
		02BC91FF240DAEA300A4C124 /* TransactionViewController.swift in Sources */ = {isa = PBXBuildFile; fileRef = 02BC91FE240DAEA300A4C124 /* TransactionViewController.swift */; };
		02BC9202240DAEA300A4C124 /* Main.storyboard in Resources */ = {isa = PBXBuildFile; fileRef = 02BC9200240DAEA300A4C124 /* Main.storyboard */; };
		02BC9204240DAEA400A4C124 /* Assets.xcassets in Resources */ = {isa = PBXBuildFile; fileRef = 02BC9203240DAEA400A4C124 /* Assets.xcassets */; };
		02BC9207240DAEA400A4C124 /* LaunchScreen.storyboard in Resources */ = {isa = PBXBuildFile; fileRef = 02BC9205240DAEA400A4C124 /* LaunchScreen.storyboard */; };
		02BC920F240DAF6600A4C124 /* TrendViewController.swift in Sources */ = {isa = PBXBuildFile; fileRef = 02BC920E240DAF6600A4C124 /* TrendViewController.swift */; };
		2D9084C9774C5C7DAE238A3A /* Pods_budgetBuddy.framework in Frameworks */ = {isa = PBXBuildFile; fileRef = AE553C0E9181275A593A4F10 /* Pods_budgetBuddy.framework */; };
/* End PBXBuildFile section */

/* Begin PBXFileReference section */
		02834D9A2417EEF4000DFE96 /* CorePlot.framework */ = {isa = PBXFileReference; explicitFileType = wrapper.framework; path = CorePlot.framework; sourceTree = BUILT_PRODUCTS_DIR; };
		02BC91F5240DAEA300A4C124 /* budgetBuddy.app */ = {isa = PBXFileReference; explicitFileType = wrapper.application; includeInIndex = 0; path = budgetBuddy.app; sourceTree = BUILT_PRODUCTS_DIR; };
		02BC91F8240DAEA300A4C124 /* AppDelegate.swift */ = {isa = PBXFileReference; lastKnownFileType = sourcecode.swift; path = AppDelegate.swift; sourceTree = "<group>"; };
		02BC91FA240DAEA300A4C124 /* SceneDelegate.swift */ = {isa = PBXFileReference; lastKnownFileType = sourcecode.swift; path = SceneDelegate.swift; sourceTree = "<group>"; };
		02BC91FC240DAEA300A4C124 /* BudgetViewController.swift */ = {isa = PBXFileReference; lastKnownFileType = sourcecode.swift; path = BudgetViewController.swift; sourceTree = "<group>"; };
		02BC91FE240DAEA300A4C124 /* TransactionViewController.swift */ = {isa = PBXFileReference; lastKnownFileType = sourcecode.swift; path = TransactionViewController.swift; sourceTree = "<group>"; };
		02BC9201240DAEA300A4C124 /* Base */ = {isa = PBXFileReference; lastKnownFileType = file.storyboard; name = Base; path = Base.lproj/Main.storyboard; sourceTree = "<group>"; };
		02BC9203240DAEA400A4C124 /* Assets.xcassets */ = {isa = PBXFileReference; lastKnownFileType = folder.assetcatalog; path = Assets.xcassets; sourceTree = "<group>"; };
		02BC9206240DAEA400A4C124 /* Base */ = {isa = PBXFileReference; lastKnownFileType = file.storyboard; name = Base; path = Base.lproj/LaunchScreen.storyboard; sourceTree = "<group>"; };
		02BC9208240DAEA400A4C124 /* Info.plist */ = {isa = PBXFileReference; lastKnownFileType = text.plist.xml; path = Info.plist; sourceTree = "<group>"; };
		02BC920E240DAF6600A4C124 /* TrendViewController.swift */ = {isa = PBXFileReference; lastKnownFileType = sourcecode.swift; path = TrendViewController.swift; sourceTree = "<group>"; };
		ADA2CCDF43005F9D6BDBEE49 /* Pods-budgetBuddy.release.xcconfig */ = {isa = PBXFileReference; includeInIndex = 1; lastKnownFileType = text.xcconfig; name = "Pods-budgetBuddy.release.xcconfig"; path = "Target Support Files/Pods-budgetBuddy/Pods-budgetBuddy.release.xcconfig"; sourceTree = "<group>"; };
		AE553C0E9181275A593A4F10 /* Pods_budgetBuddy.framework */ = {isa = PBXFileReference; explicitFileType = wrapper.framework; includeInIndex = 0; path = Pods_budgetBuddy.framework; sourceTree = BUILT_PRODUCTS_DIR; };
		D747E51980FF80C3B45740A9 /* Pods-budgetBuddy.debug.xcconfig */ = {isa = PBXFileReference; includeInIndex = 1; lastKnownFileType = text.xcconfig; name = "Pods-budgetBuddy.debug.xcconfig"; path = "Target Support Files/Pods-budgetBuddy/Pods-budgetBuddy.debug.xcconfig"; sourceTree = "<group>"; };
/* End PBXFileReference section */

/* Begin PBXFrameworksBuildPhase section */
		02BC91F2240DAEA300A4C124 /* Frameworks */ = {
			isa = PBXFrameworksBuildPhase;
			buildActionMask = 2147483647;
			files = (
				2D9084C9774C5C7DAE238A3A /* Pods_budgetBuddy.framework in Frameworks */,
			);
			runOnlyForDeploymentPostprocessing = 0;
		};
/* End PBXFrameworksBuildPhase section */

/* Begin PBXGroup section */
		02BC91EC240DAEA300A4C124 = {
			isa = PBXGroup;
			children = (
				02BC91F7240DAEA300A4C124 /* budgetBuddy */,
				02BC91F6240DAEA300A4C124 /* Products */,
				8A9A086A208D17971E559D15 /* Pods */,
				982C704114E9B92F72B73604 /* Frameworks */,
			);
			sourceTree = "<group>";
		};
		02BC91F6240DAEA300A4C124 /* Products */ = {
			isa = PBXGroup;
			children = (
				02BC91F5240DAEA300A4C124 /* budgetBuddy.app */,
			);
			name = Products;
			sourceTree = "<group>";
		};
		02BC91F7240DAEA300A4C124 /* budgetBuddy */ = {
			isa = PBXGroup;
			children = (
				02BC91F8240DAEA300A4C124 /* AppDelegate.swift */,
				02BC91FA240DAEA300A4C124 /* SceneDelegate.swift */,
				02BC91FC240DAEA300A4C124 /* BudgetViewController.swift */,
				02BC91FE240DAEA300A4C124 /* TransactionViewController.swift */,
				02BC920E240DAF6600A4C124 /* TrendViewController.swift */,
				02BC9200240DAEA300A4C124 /* Main.storyboard */,
				02BC9203240DAEA400A4C124 /* Assets.xcassets */,
				02BC9205240DAEA400A4C124 /* LaunchScreen.storyboard */,
				02BC9208240DAEA400A4C124 /* Info.plist */,
			);
			path = budgetBuddy;
			sourceTree = "<group>";
		};
		8A9A086A208D17971E559D15 /* Pods */ = {
			isa = PBXGroup;
			children = (
				D747E51980FF80C3B45740A9 /* Pods-budgetBuddy.debug.xcconfig */,
				ADA2CCDF43005F9D6BDBEE49 /* Pods-budgetBuddy.release.xcconfig */,
			);
			path = Pods;
			sourceTree = "<group>";
		};
		982C704114E9B92F72B73604 /* Frameworks */ = {
			isa = PBXGroup;
			children = (
				02834D9A2417EEF4000DFE96 /* CorePlot.framework */,
				AE553C0E9181275A593A4F10 /* Pods_budgetBuddy.framework */,
			);
			name = Frameworks;
			sourceTree = "<group>";
		};
/* End PBXGroup section */

/* Begin PBXNativeTarget section */
		02BC91F4240DAEA300A4C124 /* budgetBuddy */ = {
			isa = PBXNativeTarget;
			buildConfigurationList = 02BC920B240DAEA400A4C124 /* Build configuration list for PBXNativeTarget "budgetBuddy" */;
			buildPhases = (
				F182EA0283DBBB998068CF64 /* [CP] Check Pods Manifest.lock */,
				02BC91F1240DAEA300A4C124 /* Sources */,
				02BC91F2240DAEA300A4C124 /* Frameworks */,
				02BC91F3240DAEA300A4C124 /* Resources */,
				575E98D79D20210303D592A7 /* [CP] Embed Pods Frameworks */,
			);
			buildRules = (
			);
			dependencies = (
			);
			name = budgetBuddy;
			productName = budgetBuddy;
			productReference = 02BC91F5240DAEA300A4C124 /* budgetBuddy.app */;
			productType = "com.apple.product-type.application";
		};
/* End PBXNativeTarget section */

/* Begin PBXProject section */
		02BC91ED240DAEA300A4C124 /* Project object */ = {
			isa = PBXProject;
			attributes = {
				LastSwiftUpdateCheck = 1130;
				LastUpgradeCheck = 1130;
				ORGANIZATIONNAME = "Noah McLean";
				TargetAttributes = {
					02BC91F4240DAEA300A4C124 = {
						CreatedOnToolsVersion = 11.3.1;
					};
				};
			};
			buildConfigurationList = 02BC91F0240DAEA300A4C124 /* Build configuration list for PBXProject "budgetBuddy" */;
			compatibilityVersion = "Xcode 9.3";
			developmentRegion = en;
			hasScannedForEncodings = 0;
			knownRegions = (
				en,
				Base,
			);
			mainGroup = 02BC91EC240DAEA300A4C124;
			productRefGroup = 02BC91F6240DAEA300A4C124 /* Products */;
			projectDirPath = "";
			projectRoot = "";
			targets = (
				02BC91F4240DAEA300A4C124 /* budgetBuddy */,
			);
		};
/* End PBXProject section */

/* Begin PBXResourcesBuildPhase section */
		02BC91F3240DAEA300A4C124 /* Resources */ = {
			isa = PBXResourcesBuildPhase;
			buildActionMask = 2147483647;
			files = (
				02BC9207240DAEA400A4C124 /* LaunchScreen.storyboard in Resources */,
				02BC9204240DAEA400A4C124 /* Assets.xcassets in Resources */,
				02BC9202240DAEA300A4C124 /* Main.storyboard in Resources */,
			);
			runOnlyForDeploymentPostprocessing = 0;
		};
/* End PBXResourcesBuildPhase section */

/* Begin PBXShellScriptBuildPhase section */
		575E98D79D20210303D592A7 /* [CP] Embed Pods Frameworks */ = {
			isa = PBXShellScriptBuildPhase;
			buildActionMask = 2147483647;
			files = (
			);
			inputFileListPaths = (
				"${PODS_ROOT}/Target Support Files/Pods-budgetBuddy/Pods-budgetBuddy-frameworks-${CONFIGURATION}-input-files.xcfilelist",
			);
			name = "[CP] Embed Pods Frameworks";
			outputFileListPaths = (
				"${PODS_ROOT}/Target Support Files/Pods-budgetBuddy/Pods-budgetBuddy-frameworks-${CONFIGURATION}-output-files.xcfilelist",
			);
			runOnlyForDeploymentPostprocessing = 0;
			shellPath = /bin/sh;
			shellScript = "\"${PODS_ROOT}/Target Support Files/Pods-budgetBuddy/Pods-budgetBuddy-frameworks.sh\"\n";
			showEnvVarsInLog = 0;
		};
		F182EA0283DBBB998068CF64 /* [CP] Check Pods Manifest.lock */ = {
			isa = PBXShellScriptBuildPhase;
			buildActionMask = 2147483647;
			files = (
			);
			inputFileListPaths = (
			);
			inputPaths = (
				"${PODS_PODFILE_DIR_PATH}/Podfile.lock",
				"${PODS_ROOT}/Manifest.lock",
			);
			name = "[CP] Check Pods Manifest.lock";
			outputFileListPaths = (
			);
			outputPaths = (
				"$(DERIVED_FILE_DIR)/Pods-budgetBuddy-checkManifestLockResult.txt",
			);
			runOnlyForDeploymentPostprocessing = 0;
			shellPath = /bin/sh;
			shellScript = "diff \"${PODS_PODFILE_DIR_PATH}/Podfile.lock\" \"${PODS_ROOT}/Manifest.lock\" > /dev/null\nif [ $? != 0 ] ; then\n    # print error to STDERR\n    echo \"error: The sandbox is not in sync with the Podfile.lock. Run 'pod install' or update your CocoaPods installation.\" >&2\n    exit 1\nfi\n# This output is used by Xcode 'outputs' to avoid re-running this script phase.\necho \"SUCCESS\" > \"${SCRIPT_OUTPUT_FILE_0}\"\n";
			showEnvVarsInLog = 0;
		};
/* End PBXShellScriptBuildPhase section */

/* Begin PBXSourcesBuildPhase section */
		02BC91F1240DAEA300A4C124 /* Sources */ = {
			isa = PBXSourcesBuildPhase;
			buildActionMask = 2147483647;
			files = (
				02BC91FF240DAEA300A4C124 /* TransactionViewController.swift in Sources */,
				02BC91FD240DAEA300A4C124 /* BudgetViewController.swift in Sources */,
				02BC920F240DAF6600A4C124 /* TrendViewController.swift in Sources */,
				02BC91F9240DAEA300A4C124 /* AppDelegate.swift in Sources */,
				02BC91FB240DAEA300A4C124 /* SceneDelegate.swift in Sources */,
			);
			runOnlyForDeploymentPostprocessing = 0;
		};
/* End PBXSourcesBuildPhase section */

/* Begin PBXVariantGroup section */
		02BC9200240DAEA300A4C124 /* Main.storyboard */ = {
			isa = PBXVariantGroup;
			children = (
				02BC9201240DAEA300A4C124 /* Base */,
			);
			name = Main.storyboard;
			sourceTree = "<group>";
		};
		02BC9205240DAEA400A4C124 /* LaunchScreen.storyboard */ = {
			isa = PBXVariantGroup;
			children = (
				02BC9206240DAEA400A4C124 /* Base */,
			);
			name = LaunchScreen.storyboard;
			sourceTree = "<group>";
		};
/* End PBXVariantGroup section */

/* Begin XCBuildConfiguration section */
		02BC9209240DAEA400A4C124 /* Debug */ = {
			isa = XCBuildConfiguration;
			buildSettings = {
				ALWAYS_SEARCH_USER_PATHS = NO;
				CLANG_ANALYZER_NONNULL = YES;
				CLANG_ANALYZER_NUMBER_OBJECT_CONVERSION = YES_AGGRESSIVE;
				CLANG_CXX_LANGUAGE_STANDARD = "gnu++14";
				CLANG_CXX_LIBRARY = "libc++";
				CLANG_ENABLE_MODULES = YES;
				CLANG_ENABLE_OBJC_ARC = YES;
				CLANG_ENABLE_OBJC_WEAK = YES;
				CLANG_WARN_BLOCK_CAPTURE_AUTORELEASING = YES;
				CLANG_WARN_BOOL_CONVERSION = YES;
				CLANG_WARN_COMMA = YES;
				CLANG_WARN_CONSTANT_CONVERSION = YES;
				CLANG_WARN_DEPRECATED_OBJC_IMPLEMENTATIONS = YES;
				CLANG_WARN_DIRECT_OBJC_ISA_USAGE = YES_ERROR;
				CLANG_WARN_DOCUMENTATION_COMMENTS = YES;
				CLANG_WARN_EMPTY_BODY = YES;
				CLANG_WARN_ENUM_CONVERSION = YES;
				CLANG_WARN_INFINITE_RECURSION = YES;
				CLANG_WARN_INT_CONVERSION = YES;
				CLANG_WARN_NON_LITERAL_NULL_CONVERSION = YES;
				CLANG_WARN_OBJC_IMPLICIT_RETAIN_SELF = YES;
				CLANG_WARN_OBJC_LITERAL_CONVERSION = YES;
				CLANG_WARN_OBJC_ROOT_CLASS = YES_ERROR;
				CLANG_WARN_RANGE_LOOP_ANALYSIS = YES;
				CLANG_WARN_STRICT_PROTOTYPES = YES;
				CLANG_WARN_SUSPICIOUS_MOVE = YES;
				CLANG_WARN_UNGUARDED_AVAILABILITY = YES_AGGRESSIVE;
				CLANG_WARN_UNREACHABLE_CODE = YES;
				CLANG_WARN__DUPLICATE_METHOD_MATCH = YES;
				COPY_PHASE_STRIP = NO;
				DEBUG_INFORMATION_FORMAT = dwarf;
				ENABLE_STRICT_OBJC_MSGSEND = YES;
				ENABLE_TESTABILITY = YES;
				GCC_C_LANGUAGE_STANDARD = gnu11;
				GCC_DYNAMIC_NO_PIC = NO;
				GCC_NO_COMMON_BLOCKS = YES;
				GCC_OPTIMIZATION_LEVEL = 0;
				GCC_PREPROCESSOR_DEFINITIONS = (
					"DEBUG=1",
					"$(inherited)",
				);
				GCC_WARN_64_TO_32_BIT_CONVERSION = YES;
				GCC_WARN_ABOUT_RETURN_TYPE = YES_ERROR;
				GCC_WARN_UNDECLARED_SELECTOR = YES;
				GCC_WARN_UNINITIALIZED_AUTOS = YES_AGGRESSIVE;
				GCC_WARN_UNUSED_FUNCTION = YES;
				GCC_WARN_UNUSED_VARIABLE = YES;
				IPHONEOS_DEPLOYMENT_TARGET = 13.2;
				MTL_ENABLE_DEBUG_INFO = INCLUDE_SOURCE;
				MTL_FAST_MATH = YES;
				ONLY_ACTIVE_ARCH = YES;
				SDKROOT = iphoneos;
				SWIFT_ACTIVE_COMPILATION_CONDITIONS = DEBUG;
				SWIFT_OPTIMIZATION_LEVEL = "-Onone";
			};
			name = Debug;
		};
		02BC920A240DAEA400A4C124 /* Release */ = {
			isa = XCBuildConfiguration;
			buildSettings = {
				ALWAYS_SEARCH_USER_PATHS = NO;
				CLANG_ANALYZER_NONNULL = YES;
				CLANG_ANALYZER_NUMBER_OBJECT_CONVERSION = YES_AGGRESSIVE;
				CLANG_CXX_LANGUAGE_STANDARD = "gnu++14";
				CLANG_CXX_LIBRARY = "libc++";
				CLANG_ENABLE_MODULES = YES;
				CLANG_ENABLE_OBJC_ARC = YES;
				CLANG_ENABLE_OBJC_WEAK = YES;
				CLANG_WARN_BLOCK_CAPTURE_AUTORELEASING = YES;
				CLANG_WARN_BOOL_CONVERSION = YES;
				CLANG_WARN_COMMA = YES;
				CLANG_WARN_CONSTANT_CONVERSION = YES;
				CLANG_WARN_DEPRECATED_OBJC_IMPLEMENTATIONS = YES;
				CLANG_WARN_DIRECT_OBJC_ISA_USAGE = YES_ERROR;
				CLANG_WARN_DOCUMENTATION_COMMENTS = YES;
				CLANG_WARN_EMPTY_BODY = YES;
				CLANG_WARN_ENUM_CONVERSION = YES;
				CLANG_WARN_INFINITE_RECURSION = YES;
				CLANG_WARN_INT_CONVERSION = YES;
				CLANG_WARN_NON_LITERAL_NULL_CONVERSION = YES;
				CLANG_WARN_OBJC_IMPLICIT_RETAIN_SELF = YES;
				CLANG_WARN_OBJC_LITERAL_CONVERSION = YES;
				CLANG_WARN_OBJC_ROOT_CLASS = YES_ERROR;
				CLANG_WARN_RANGE_LOOP_ANALYSIS = YES;
				CLANG_WARN_STRICT_PROTOTYPES = YES;
				CLANG_WARN_SUSPICIOUS_MOVE = YES;
				CLANG_WARN_UNGUARDED_AVAILABILITY = YES_AGGRESSIVE;
				CLANG_WARN_UNREACHABLE_CODE = YES;
				CLANG_WARN__DUPLICATE_METHOD_MATCH = YES;
				COPY_PHASE_STRIP = NO;
				DEBUG_INFORMATION_FORMAT = "dwarf-with-dsym";
				ENABLE_NS_ASSERTIONS = NO;
				ENABLE_STRICT_OBJC_MSGSEND = YES;
				GCC_C_LANGUAGE_STANDARD = gnu11;
				GCC_NO_COMMON_BLOCKS = YES;
				GCC_WARN_64_TO_32_BIT_CONVERSION = YES;
				GCC_WARN_ABOUT_RETURN_TYPE = YES_ERROR;
				GCC_WARN_UNDECLARED_SELECTOR = YES;
				GCC_WARN_UNINITIALIZED_AUTOS = YES_AGGRESSIVE;
				GCC_WARN_UNUSED_FUNCTION = YES;
				GCC_WARN_UNUSED_VARIABLE = YES;
				IPHONEOS_DEPLOYMENT_TARGET = 13.2;
				MTL_ENABLE_DEBUG_INFO = NO;
				MTL_FAST_MATH = YES;
				SDKROOT = iphoneos;
				SWIFT_COMPILATION_MODE = wholemodule;
				SWIFT_OPTIMIZATION_LEVEL = "-O";
				VALIDATE_PRODUCT = YES;
			};
			name = Release;
		};
		02BC920C240DAEA400A4C124 /* Debug */ = {
			isa = XCBuildConfiguration;
			baseConfigurationReference = D747E51980FF80C3B45740A9 /* Pods-budgetBuddy.debug.xcconfig */;
			buildSettings = {
				ASSETCATALOG_COMPILER_APPICON_NAME = AppIcon;
				CODE_SIGN_STYLE = Automatic;
				INFOPLIST_FILE = budgetBuddy/Info.plist;
				LD_RUNPATH_SEARCH_PATHS = (
					"$(inherited)",
					"@executable_path/Frameworks",
				);
				PRODUCT_BUNDLE_IDENTIFIER = nmclean.budgetBuddy;
				PRODUCT_NAME = "$(TARGET_NAME)";
				SWIFT_VERSION = 5.0;
				TARGETED_DEVICE_FAMILY = "1,2";
			};
			name = Debug;
		};
		02BC920D240DAEA400A4C124 /* Release */ = {
			isa = XCBuildConfiguration;
			baseConfigurationReference = ADA2CCDF43005F9D6BDBEE49 /* Pods-budgetBuddy.release.xcconfig */;
			buildSettings = {
				ASSETCATALOG_COMPILER_APPICON_NAME = AppIcon;
				CODE_SIGN_STYLE = Automatic;
				INFOPLIST_FILE = budgetBuddy/Info.plist;
				LD_RUNPATH_SEARCH_PATHS = (
					"$(inherited)",
					"@executable_path/Frameworks",
				);
				PRODUCT_BUNDLE_IDENTIFIER = nmclean.budgetBuddy;
				PRODUCT_NAME = "$(TARGET_NAME)";
				SWIFT_VERSION = 5.0;
				TARGETED_DEVICE_FAMILY = "1,2";
			};
			name = Release;
		};
/* End XCBuildConfiguration section */

/* Begin XCConfigurationList section */
		02BC91F0240DAEA300A4C124 /* Build configuration list for PBXProject "budgetBuddy" */ = {
			isa = XCConfigurationList;
			buildConfigurations = (
				02BC9209240DAEA400A4C124 /* Debug */,
				02BC920A240DAEA400A4C124 /* Release */,
			);
			defaultConfigurationIsVisible = 0;
			defaultConfigurationName = Release;
		};
		02BC920B240DAEA400A4C124 /* Build configuration list for PBXNativeTarget "budgetBuddy" */ = {
			isa = XCConfigurationList;
			buildConfigurations = (
				02BC920C240DAEA400A4C124 /* Debug */,
				02BC920D240DAEA400A4C124 /* Release */,
			);
			defaultConfigurationIsVisible = 0;
			defaultConfigurationName = Release;
		};
/* End XCConfigurationList section */
	};
	rootObject = 02BC91ED240DAEA300A4C124 /* Project object */;
}
